// !$*UTF8*$!
{
	archiveVersion = 1;
	classes = {
	};
	objectVersion = 46;
	objects = {

/* Begin PBXBuildFile section */
		40F4AC140FDD6FC1FEAE613F /* Pods_MedLink.framework in Frameworks */ = {isa = PBXBuildFile; fileRef = 0A4AC85B0FE721903F11C0AA /* Pods_MedLink.framework */; };
		5E5856061C0BA0D600B56801 /* CloudManager.swift in Sources */ = {isa = PBXBuildFile; fileRef = 5E5856051C0BA0D600B56801 /* CloudManager.swift */; };
		5E6E0C711C13A096005349A8 /* ResponseViewController.swift in Sources */ = {isa = PBXBuildFile; fileRef = 5E6E0C701C13A095005349A8 /* ResponseViewController.swift */; };
		5E6E526D1C0D0C2B0093675B /* NewRequestViewController.swift in Sources */ = {isa = PBXBuildFile; fileRef = 5E6E526C1C0D0C2B0093675B /* NewRequestViewController.swift */; };
		5E7533A81C18847B00AFFA9D /* MessageComposer.swift in Sources */ = {isa = PBXBuildFile; fileRef = 5E7533A71C18847B00AFFA9D /* MessageComposer.swift */; };
		5ECFD1BA1C17734A00EAE34D /* ResponseData+CoreDataProperties.swift in Sources */ = {isa = PBXBuildFile; fileRef = 5ECFD1B41C17734A00EAE34D /* ResponseData+CoreDataProperties.swift */; };
		5ECFD1BB1C17734A00EAE34D /* ResponseData.swift in Sources */ = {isa = PBXBuildFile; fileRef = 5ECFD1B51C17734A00EAE34D /* ResponseData.swift */; };
		5ECFD1BC1C17734A00EAE34D /* SuppliesData+CoreDataProperties.swift in Sources */ = {isa = PBXBuildFile; fileRef = 5ECFD1B61C17734A00EAE34D /* SuppliesData+CoreDataProperties.swift */; };
		5ECFD1BD1C17734A00EAE34D /* SuppliesData.swift in Sources */ = {isa = PBXBuildFile; fileRef = 5ECFD1B71C17734A00EAE34D /* SuppliesData.swift */; };
		5ECFD1BE1C17734A00EAE34D /* RequestsData+CoreDataProperties.swift in Sources */ = {isa = PBXBuildFile; fileRef = 5ECFD1B81C17734A00EAE34D /* RequestsData+CoreDataProperties.swift */; };
		5ECFD1BF1C17734A00EAE34D /* RequestsData.swift in Sources */ = {isa = PBXBuildFile; fileRef = 5ECFD1B91C17734A00EAE34D /* RequestsData.swift */; };
		5EDD1E401BF64F1F00C46F22 /* AppDelegate.swift in Sources */ = {isa = PBXBuildFile; fileRef = 5EDD1E3F1BF64F1F00C46F22 /* AppDelegate.swift */; };
		5EDD1E421BF64F1F00C46F22 /* ViewController.swift in Sources */ = {isa = PBXBuildFile; fileRef = 5EDD1E411BF64F1F00C46F22 /* ViewController.swift */; };
		5EDD1E451BF64F1F00C46F22 /* Main.storyboard in Resources */ = {isa = PBXBuildFile; fileRef = 5EDD1E431BF64F1F00C46F22 /* Main.storyboard */; };
		5EDD1E481BF64F1F00C46F22 /* MedLink.xcdatamodeld in Sources */ = {isa = PBXBuildFile; fileRef = 5EDD1E461BF64F1F00C46F22 /* MedLink.xcdatamodeld */; };
		5EDD1E4A1BF64F1F00C46F22 /* Assets.xcassets in Resources */ = {isa = PBXBuildFile; fileRef = 5EDD1E491BF64F1F00C46F22 /* Assets.xcassets */; };
		5EDD1E4D1BF64F1F00C46F22 /* LaunchScreen.storyboard in Resources */ = {isa = PBXBuildFile; fileRef = 5EDD1E4B1BF64F1F00C46F22 /* LaunchScreen.storyboard */; };
		5EDD1E581BF64F1F00C46F22 /* MedLinkTests.swift in Sources */ = {isa = PBXBuildFile; fileRef = 5EDD1E571BF64F1F00C46F22 /* MedLinkTests.swift */; };
		5EDD1E631BF64F1F00C46F22 /* MedLinkUITests.swift in Sources */ = {isa = PBXBuildFile; fileRef = 5EDD1E621BF64F1F00C46F22 /* MedLinkUITests.swift */; };
		5EDD1E731BF64F7400C46F22 /* Reachability.m in Sources */ = {isa = PBXBuildFile; fileRef = 5EDD1E721BF64F7400C46F22 /* Reachability.m */; };
		5EDD1E771BF6506F00C46F22 /* NetworkManager.swift in Sources */ = {isa = PBXBuildFile; fileRef = 5EDD1E761BF6506F00C46F22 /* NetworkManager.swift */; };
		5EDD1E7A1BF6514300C46F22 /* DataManager.swift in Sources */ = {isa = PBXBuildFile; fileRef = 5EDD1E791BF6514300C46F22 /* DataManager.swift */; };
		5EDD1E801BF67C8C00C46F22 /* RequestsTableViewCell.swift in Sources */ = {isa = PBXBuildFile; fileRef = 5EDD1E7F1BF67C8C00C46F22 /* RequestsTableViewCell.swift */; };
/* End PBXBuildFile section */

/* Begin PBXContainerItemProxy section */
		5EDD1E541BF64F1F00C46F22 /* PBXContainerItemProxy */ = {
			isa = PBXContainerItemProxy;
			containerPortal = 5EDD1E341BF64F1F00C46F22 /* Project object */;
			proxyType = 1;
			remoteGlobalIDString = 5EDD1E3B1BF64F1F00C46F22;
			remoteInfo = MedLink;
		};
		5EDD1E5F1BF64F1F00C46F22 /* PBXContainerItemProxy */ = {
			isa = PBXContainerItemProxy;
			containerPortal = 5EDD1E341BF64F1F00C46F22 /* Project object */;
			proxyType = 1;
			remoteGlobalIDString = 5EDD1E3B1BF64F1F00C46F22;
			remoteInfo = MedLink;
		};
/* End PBXContainerItemProxy section */

/* Begin PBXFileReference section */
		0A4AC85B0FE721903F11C0AA /* Pods_MedLink.framework */ = {isa = PBXFileReference; explicitFileType = wrapper.framework; includeInIndex = 0; path = Pods_MedLink.framework; sourceTree = BUILT_PRODUCTS_DIR; };
		5E5856051C0BA0D600B56801 /* CloudManager.swift */ = {isa = PBXFileReference; fileEncoding = 4; lastKnownFileType = sourcecode.swift; path = CloudManager.swift; sourceTree = "<group>"; };
		5E6E0C701C13A095005349A8 /* ResponseViewController.swift */ = {isa = PBXFileReference; fileEncoding = 4; lastKnownFileType = sourcecode.swift; path = ResponseViewController.swift; sourceTree = "<group>"; };
		5E6E526C1C0D0C2B0093675B /* NewRequestViewController.swift */ = {isa = PBXFileReference; fileEncoding = 4; lastKnownFileType = sourcecode.swift; path = NewRequestViewController.swift; sourceTree = "<group>"; };
		5E7533A71C18847B00AFFA9D /* MessageComposer.swift */ = {isa = PBXFileReference; fileEncoding = 4; lastKnownFileType = sourcecode.swift; path = MessageComposer.swift; sourceTree = "<group>"; };
		5ECFD1B41C17734A00EAE34D /* ResponseData+CoreDataProperties.swift */ = {isa = PBXFileReference; fileEncoding = 4; lastKnownFileType = sourcecode.swift; path = "ResponseData+CoreDataProperties.swift"; sourceTree = "<group>"; };
		5ECFD1B51C17734A00EAE34D /* ResponseData.swift */ = {isa = PBXFileReference; fileEncoding = 4; lastKnownFileType = sourcecode.swift; path = ResponseData.swift; sourceTree = "<group>"; };
		5ECFD1B61C17734A00EAE34D /* SuppliesData+CoreDataProperties.swift */ = {isa = PBXFileReference; fileEncoding = 4; lastKnownFileType = sourcecode.swift; path = "SuppliesData+CoreDataProperties.swift"; sourceTree = "<group>"; };
		5ECFD1B71C17734A00EAE34D /* SuppliesData.swift */ = {isa = PBXFileReference; fileEncoding = 4; lastKnownFileType = sourcecode.swift; path = SuppliesData.swift; sourceTree = "<group>"; };
		5ECFD1B81C17734A00EAE34D /* RequestsData+CoreDataProperties.swift */ = {isa = PBXFileReference; fileEncoding = 4; lastKnownFileType = sourcecode.swift; path = "RequestsData+CoreDataProperties.swift"; sourceTree = "<group>"; };
		5ECFD1B91C17734A00EAE34D /* RequestsData.swift */ = {isa = PBXFileReference; fileEncoding = 4; lastKnownFileType = sourcecode.swift; path = RequestsData.swift; sourceTree = "<group>"; };
		5EDD1E3C1BF64F1F00C46F22 /* MedLink.app */ = {isa = PBXFileReference; explicitFileType = wrapper.application; includeInIndex = 0; path = MedLink.app; sourceTree = BUILT_PRODUCTS_DIR; };
		5EDD1E3F1BF64F1F00C46F22 /* AppDelegate.swift */ = {isa = PBXFileReference; lastKnownFileType = sourcecode.swift; path = AppDelegate.swift; sourceTree = "<group>"; };
		5EDD1E411BF64F1F00C46F22 /* ViewController.swift */ = {isa = PBXFileReference; lastKnownFileType = sourcecode.swift; path = ViewController.swift; sourceTree = "<group>"; };
		5EDD1E441BF64F1F00C46F22 /* Base */ = {isa = PBXFileReference; lastKnownFileType = file.storyboard; name = Base; path = Base.lproj/Main.storyboard; sourceTree = "<group>"; };
		5EDD1E471BF64F1F00C46F22 /* MedLink.xcdatamodel */ = {isa = PBXFileReference; lastKnownFileType = wrapper.xcdatamodel; path = MedLink.xcdatamodel; sourceTree = "<group>"; };
		5EDD1E491BF64F1F00C46F22 /* Assets.xcassets */ = {isa = PBXFileReference; lastKnownFileType = folder.assetcatalog; path = Assets.xcassets; sourceTree = "<group>"; };
		5EDD1E4C1BF64F1F00C46F22 /* Base */ = {isa = PBXFileReference; lastKnownFileType = file.storyboard; name = Base; path = Base.lproj/LaunchScreen.storyboard; sourceTree = "<group>"; };
		5EDD1E4E1BF64F1F00C46F22 /* Info.plist */ = {isa = PBXFileReference; lastKnownFileType = text.plist.xml; path = Info.plist; sourceTree = "<group>"; };
		5EDD1E531BF64F1F00C46F22 /* MedLinkTests.xctest */ = {isa = PBXFileReference; explicitFileType = wrapper.cfbundle; includeInIndex = 0; path = MedLinkTests.xctest; sourceTree = BUILT_PRODUCTS_DIR; };
		5EDD1E571BF64F1F00C46F22 /* MedLinkTests.swift */ = {isa = PBXFileReference; lastKnownFileType = sourcecode.swift; path = MedLinkTests.swift; sourceTree = "<group>"; };
		5EDD1E591BF64F1F00C46F22 /* Info.plist */ = {isa = PBXFileReference; lastKnownFileType = text.plist.xml; path = Info.plist; sourceTree = "<group>"; };
		5EDD1E5E1BF64F1F00C46F22 /* MedLinkUITests.xctest */ = {isa = PBXFileReference; explicitFileType = wrapper.cfbundle; includeInIndex = 0; path = MedLinkUITests.xctest; sourceTree = BUILT_PRODUCTS_DIR; };
		5EDD1E621BF64F1F00C46F22 /* MedLinkUITests.swift */ = {isa = PBXFileReference; lastKnownFileType = sourcecode.swift; path = MedLinkUITests.swift; sourceTree = "<group>"; };
		5EDD1E641BF64F1F00C46F22 /* Info.plist */ = {isa = PBXFileReference; lastKnownFileType = text.plist.xml; path = Info.plist; sourceTree = "<group>"; };
		5EDD1E701BF64F7300C46F22 /* MedLink-Bridging-Header.h */ = {isa = PBXFileReference; lastKnownFileType = sourcecode.c.h; path = "MedLink-Bridging-Header.h"; sourceTree = "<group>"; };
		5EDD1E711BF64F7400C46F22 /* Reachability.h */ = {isa = PBXFileReference; fileEncoding = 4; lastKnownFileType = sourcecode.c.h; name = Reachability.h; path = MedLink/Reachability.h; sourceTree = "<group>"; };
		5EDD1E721BF64F7400C46F22 /* Reachability.m */ = {isa = PBXFileReference; fileEncoding = 4; lastKnownFileType = sourcecode.c.objc; name = Reachability.m; path = MedLink/Reachability.m; sourceTree = "<group>"; };
		5EDD1E761BF6506F00C46F22 /* NetworkManager.swift */ = {isa = PBXFileReference; fileEncoding = 4; lastKnownFileType = sourcecode.swift; name = NetworkManager.swift; path = MedLink/NetworkManager.swift; sourceTree = "<group>"; };
		5EDD1E791BF6514300C46F22 /* DataManager.swift */ = {isa = PBXFileReference; fileEncoding = 4; lastKnownFileType = sourcecode.swift; path = DataManager.swift; sourceTree = "<group>"; };
		5EDD1E7F1BF67C8C00C46F22 /* RequestsTableViewCell.swift */ = {isa = PBXFileReference; fileEncoding = 4; lastKnownFileType = sourcecode.swift; path = RequestsTableViewCell.swift; sourceTree = "<group>"; };
		6709C5E4C6CBF29252872234 /* Pods-MedLink.debug.xcconfig */ = {isa = PBXFileReference; includeInIndex = 1; lastKnownFileType = text.xcconfig; name = "Pods-MedLink.debug.xcconfig"; path = "Pods/Target Support Files/Pods-MedLink/Pods-MedLink.debug.xcconfig"; sourceTree = "<group>"; };
		DA6D7D5287C23036C14076C5 /* Pods-MedLink.release.xcconfig */ = {isa = PBXFileReference; includeInIndex = 1; lastKnownFileType = text.xcconfig; name = "Pods-MedLink.release.xcconfig"; path = "Pods/Target Support Files/Pods-MedLink/Pods-MedLink.release.xcconfig"; sourceTree = "<group>"; };
/* End PBXFileReference section */

/* Begin PBXFrameworksBuildPhase section */
		5EDD1E391BF64F1F00C46F22 /* Frameworks */ = {
			isa = PBXFrameworksBuildPhase;
			buildActionMask = 2147483647;
			files = (
				40F4AC140FDD6FC1FEAE613F /* Pods_MedLink.framework in Frameworks */,
			);
			runOnlyForDeploymentPostprocessing = 0;
		};
		5EDD1E501BF64F1F00C46F22 /* Frameworks */ = {
			isa = PBXFrameworksBuildPhase;
			buildActionMask = 2147483647;
			files = (
			);
			runOnlyForDeploymentPostprocessing = 0;
		};
		5EDD1E5B1BF64F1F00C46F22 /* Frameworks */ = {
			isa = PBXFrameworksBuildPhase;
			buildActionMask = 2147483647;
			files = (
			);
			runOnlyForDeploymentPostprocessing = 0;
		};
/* End PBXFrameworksBuildPhase section */

/* Begin PBXGroup section */
		2DF5DE87DC53DCCDE7444635 /* Pods */ = {
			isa = PBXGroup;
			children = (
				6709C5E4C6CBF29252872234 /* Pods-MedLink.debug.xcconfig */,
				DA6D7D5287C23036C14076C5 /* Pods-MedLink.release.xcconfig */,
			);
			name = Pods;
			sourceTree = "<group>";
		};
		5E5856111C0CD36B00B56801 /* CoreData */ = {
			isa = PBXGroup;
			children = (
				5EDD1E461BF64F1F00C46F22 /* MedLink.xcdatamodeld */,
				5ECFD1B41C17734A00EAE34D /* ResponseData+CoreDataProperties.swift */,
				5ECFD1B51C17734A00EAE34D /* ResponseData.swift */,
				5ECFD1B61C17734A00EAE34D /* SuppliesData+CoreDataProperties.swift */,
				5ECFD1B71C17734A00EAE34D /* SuppliesData.swift */,
				5ECFD1B81C17734A00EAE34D /* RequestsData+CoreDataProperties.swift */,
				5ECFD1B91C17734A00EAE34D /* RequestsData.swift */,
			);
			name = CoreData;
			sourceTree = "<group>";
		};
		5EDD1E331BF64F1F00C46F22 = {
			isa = PBXGroup;
			children = (
				5EDD1E3E1BF64F1F00C46F22 /* MedLink */,
				5EDD1E561BF64F1F00C46F22 /* MedLinkTests */,
				5EDD1E611BF64F1F00C46F22 /* MedLinkUITests */,
				5EDD1E3D1BF64F1F00C46F22 /* Products */,
				5EDD1E781BF650CA00C46F22 /* Managers */,
				5EDD1E701BF64F7300C46F22 /* MedLink-Bridging-Header.h */,
				2DF5DE87DC53DCCDE7444635 /* Pods */,
				9771EB2F89CAB52AFB071BC2 /* Frameworks */,
			);
			sourceTree = "<group>";
		};
		5EDD1E3D1BF64F1F00C46F22 /* Products */ = {
			isa = PBXGroup;
			children = (
				5EDD1E3C1BF64F1F00C46F22 /* MedLink.app */,
				5EDD1E531BF64F1F00C46F22 /* MedLinkTests.xctest */,
				5EDD1E5E1BF64F1F00C46F22 /* MedLinkUITests.xctest */,
			);
			name = Products;
			sourceTree = "<group>";
		};
		5EDD1E3E1BF64F1F00C46F22 /* MedLink */ = {
			isa = PBXGroup;
			children = (
				5E5856111C0CD36B00B56801 /* CoreData */,
				5EDD1E3F1BF64F1F00C46F22 /* AppDelegate.swift */,
				5EDD1E411BF64F1F00C46F22 /* ViewController.swift */,
				5E7533A71C18847B00AFFA9D /* MessageComposer.swift */,
				5E6E0C701C13A095005349A8 /* ResponseViewController.swift */,
				5E6E526C1C0D0C2B0093675B /* NewRequestViewController.swift */,
				5E5856051C0BA0D600B56801 /* CloudManager.swift */,
				5EDD1E791BF6514300C46F22 /* DataManager.swift */,
				5EDD1E7F1BF67C8C00C46F22 /* RequestsTableViewCell.swift */,
				5EDD1E431BF64F1F00C46F22 /* Main.storyboard */,
				5EDD1E491BF64F1F00C46F22 /* Assets.xcassets */,
				5EDD1E4B1BF64F1F00C46F22 /* LaunchScreen.storyboard */,
				5EDD1E4E1BF64F1F00C46F22 /* Info.plist */,
			);
			path = MedLink;
			sourceTree = "<group>";
		};
		5EDD1E561BF64F1F00C46F22 /* MedLinkTests */ = {
			isa = PBXGroup;
			children = (
				5EDD1E571BF64F1F00C46F22 /* MedLinkTests.swift */,
				5EDD1E591BF64F1F00C46F22 /* Info.plist */,
			);
			path = MedLinkTests;
			sourceTree = "<group>";
		};
		5EDD1E611BF64F1F00C46F22 /* MedLinkUITests */ = {
			isa = PBXGroup;
			children = (
				5EDD1E621BF64F1F00C46F22 /* MedLinkUITests.swift */,
				5EDD1E641BF64F1F00C46F22 /* Info.plist */,
			);
			path = MedLinkUITests;
			sourceTree = "<group>";
		};
		5EDD1E781BF650CA00C46F22 /* Managers */ = {
			isa = PBXGroup;
			children = (
				5EDD1E761BF6506F00C46F22 /* NetworkManager.swift */,
				5EDD1E721BF64F7400C46F22 /* Reachability.m */,
				5EDD1E711BF64F7400C46F22 /* Reachability.h */,
			);
			name = Managers;
			sourceTree = "<group>";
		};
		9771EB2F89CAB52AFB071BC2 /* Frameworks */ = {
			isa = PBXGroup;
			children = (
				0A4AC85B0FE721903F11C0AA /* Pods_MedLink.framework */,
			);
			name = Frameworks;
			sourceTree = "<group>";
		};
/* End PBXGroup section */

/* Begin PBXNativeTarget section */
		5EDD1E3B1BF64F1F00C46F22 /* MedLink */ = {
			isa = PBXNativeTarget;
			buildConfigurationList = 5EDD1E671BF64F1F00C46F22 /* Build configuration list for PBXNativeTarget "MedLink" */;
			buildPhases = (
				9B2AFD52854F25F2D2CA532A /* Check Pods Manifest.lock */,
				5EDD1E381BF64F1F00C46F22 /* Sources */,
				5EDD1E391BF64F1F00C46F22 /* Frameworks */,
				5EDD1E3A1BF64F1F00C46F22 /* Resources */,
				487A796D2248DCF0332B384A /* Embed Pods Frameworks */,
				4850D78214EDCEB1DE83485E /* Copy Pods Resources */,
			);
			buildRules = (
			);
			dependencies = (
			);
			name = MedLink;
			productName = MedLink;
			productReference = 5EDD1E3C1BF64F1F00C46F22 /* MedLink.app */;
			productType = "com.apple.product-type.application";
		};
		5EDD1E521BF64F1F00C46F22 /* MedLinkTests */ = {
			isa = PBXNativeTarget;
			buildConfigurationList = 5EDD1E6A1BF64F1F00C46F22 /* Build configuration list for PBXNativeTarget "MedLinkTests" */;
			buildPhases = (
				5EDD1E4F1BF64F1F00C46F22 /* Sources */,
				5EDD1E501BF64F1F00C46F22 /* Frameworks */,
				5EDD1E511BF64F1F00C46F22 /* Resources */,
			);
			buildRules = (
			);
			dependencies = (
				5EDD1E551BF64F1F00C46F22 /* PBXTargetDependency */,
			);
			name = MedLinkTests;
			productName = MedLinkTests;
			productReference = 5EDD1E531BF64F1F00C46F22 /* MedLinkTests.xctest */;
			productType = "com.apple.product-type.bundle.unit-test";
		};
		5EDD1E5D1BF64F1F00C46F22 /* MedLinkUITests */ = {
			isa = PBXNativeTarget;
			buildConfigurationList = 5EDD1E6D1BF64F1F00C46F22 /* Build configuration list for PBXNativeTarget "MedLinkUITests" */;
			buildPhases = (
				5EDD1E5A1BF64F1F00C46F22 /* Sources */,
				5EDD1E5B1BF64F1F00C46F22 /* Frameworks */,
				5EDD1E5C1BF64F1F00C46F22 /* Resources */,
			);
			buildRules = (
			);
			dependencies = (
				5EDD1E601BF64F1F00C46F22 /* PBXTargetDependency */,
			);
			name = MedLinkUITests;
			productName = MedLinkUITests;
			productReference = 5EDD1E5E1BF64F1F00C46F22 /* MedLinkUITests.xctest */;
			productType = "com.apple.product-type.bundle.ui-testing";
		};
/* End PBXNativeTarget section */

/* Begin PBXProject section */
		5EDD1E341BF64F1F00C46F22 /* Project object */ = {
			isa = PBXProject;
			attributes = {
				LastSwiftUpdateCheck = 0710;
				LastUpgradeCheck = 0710;
				ORGANIZATIONNAME = "Buwaneka Galpoththawela";
				TargetAttributes = {
					5EDD1E3B1BF64F1F00C46F22 = {
						CreatedOnToolsVersion = 7.1;
						DevelopmentTeam = JLMT6JUXYH;
					};
					5EDD1E521BF64F1F00C46F22 = {
						CreatedOnToolsVersion = 7.1;
						DevelopmentTeam = MRK99C8PNU;
						TestTargetID = 5EDD1E3B1BF64F1F00C46F22;
					};
					5EDD1E5D1BF64F1F00C46F22 = {
						CreatedOnToolsVersion = 7.1;
						DevelopmentTeam = MRK99C8PNU;
						TestTargetID = 5EDD1E3B1BF64F1F00C46F22;
					};
				};
			};
			buildConfigurationList = 5EDD1E371BF64F1F00C46F22 /* Build configuration list for PBXProject "MedLink" */;
			compatibilityVersion = "Xcode 3.2";
			developmentRegion = English;
			hasScannedForEncodings = 0;
			knownRegions = (
				en,
				Base,
			);
			mainGroup = 5EDD1E331BF64F1F00C46F22;
			productRefGroup = 5EDD1E3D1BF64F1F00C46F22 /* Products */;
			projectDirPath = "";
			projectRoot = "";
			targets = (
				5EDD1E3B1BF64F1F00C46F22 /* MedLink */,
				5EDD1E521BF64F1F00C46F22 /* MedLinkTests */,
				5EDD1E5D1BF64F1F00C46F22 /* MedLinkUITests */,
			);
		};
/* End PBXProject section */

/* Begin PBXResourcesBuildPhase section */
		5EDD1E3A1BF64F1F00C46F22 /* Resources */ = {
			isa = PBXResourcesBuildPhase;
			buildActionMask = 2147483647;
			files = (
				5EDD1E4D1BF64F1F00C46F22 /* LaunchScreen.storyboard in Resources */,
				5EDD1E4A1BF64F1F00C46F22 /* Assets.xcassets in Resources */,
				5EDD1E451BF64F1F00C46F22 /* Main.storyboard in Resources */,
			);
			runOnlyForDeploymentPostprocessing = 0;
		};
		5EDD1E511BF64F1F00C46F22 /* Resources */ = {
			isa = PBXResourcesBuildPhase;
			buildActionMask = 2147483647;
			files = (
			);
			runOnlyForDeploymentPostprocessing = 0;
		};
		5EDD1E5C1BF64F1F00C46F22 /* Resources */ = {
			isa = PBXResourcesBuildPhase;
			buildActionMask = 2147483647;
			files = (
			);
			runOnlyForDeploymentPostprocessing = 0;
		};
/* End PBXResourcesBuildPhase section */

/* Begin PBXShellScriptBuildPhase section */
		4850D78214EDCEB1DE83485E /* Copy Pods Resources */ = {
			isa = PBXShellScriptBuildPhase;
			buildActionMask = 2147483647;
			files = (
			);
			inputPaths = (
			);
			name = "Copy Pods Resources";
			outputPaths = (
			);
			runOnlyForDeploymentPostprocessing = 0;
			shellPath = /bin/sh;
			shellScript = "\"${SRCROOT}/Pods/Target Support Files/Pods-MedLink/Pods-MedLink-resources.sh\"\n";
			showEnvVarsInLog = 0;
		};
		487A796D2248DCF0332B384A /* Embed Pods Frameworks */ = {
			isa = PBXShellScriptBuildPhase;
			buildActionMask = 2147483647;
			files = (
			);
			inputPaths = (
			);
			name = "Embed Pods Frameworks";
			outputPaths = (
			);
			runOnlyForDeploymentPostprocessing = 0;
			shellPath = /bin/sh;
			shellScript = "\"${SRCROOT}/Pods/Target Support Files/Pods-MedLink/Pods-MedLink-frameworks.sh\"\n";
			showEnvVarsInLog = 0;
		};
		9B2AFD52854F25F2D2CA532A /* Check Pods Manifest.lock */ = {
			isa = PBXShellScriptBuildPhase;
			buildActionMask = 2147483647;
			files = (
			);
			inputPaths = (
			);
			name = "Check Pods Manifest.lock";
			outputPaths = (
			);
			runOnlyForDeploymentPostprocessing = 0;
			shellPath = /bin/sh;
			shellScript = "diff \"${PODS_ROOT}/../Podfile.lock\" \"${PODS_ROOT}/Manifest.lock\" > /dev/null\nif [[ $? != 0 ]] ; then\n    cat << EOM\nerror: The sandbox is not in sync with the Podfile.lock. Run 'pod install' or update your CocoaPods installation.\nEOM\n    exit 1\nfi\n";
			showEnvVarsInLog = 0;
		};
/* End PBXShellScriptBuildPhase section */

/* Begin PBXSourcesBuildPhase section */
		5EDD1E381BF64F1F00C46F22 /* Sources */ = {
			isa = PBXSourcesBuildPhase;
			buildActionMask = 2147483647;
			files = (
				5E5856061C0BA0D600B56801 /* CloudManager.swift in Sources */,
				5ECFD1BF1C17734A00EAE34D /* RequestsData.swift in Sources */,
				5ECFD1BE1C17734A00EAE34D /* RequestsData+CoreDataProperties.swift in Sources */,
				5ECFD1BD1C17734A00EAE34D /* SuppliesData.swift in Sources */,
				5E7533A81C18847B00AFFA9D /* MessageComposer.swift in Sources */,
				5EDD1E481BF64F1F00C46F22 /* MedLink.xcdatamodeld in Sources */,
				5ECFD1BC1C17734A00EAE34D /* SuppliesData+CoreDataProperties.swift in Sources */,
				5E6E0C711C13A096005349A8 /* ResponseViewController.swift in Sources */,
				5EDD1E7A1BF6514300C46F22 /* DataManager.swift in Sources */,
				5EDD1E421BF64F1F00C46F22 /* ViewController.swift in Sources */,
				5ECFD1BB1C17734A00EAE34D /* ResponseData.swift in Sources */,
				5E6E526D1C0D0C2B0093675B /* NewRequestViewController.swift in Sources */,
				5EDD1E771BF6506F00C46F22 /* NetworkManager.swift in Sources */,
				5ECFD1BA1C17734A00EAE34D /* ResponseData+CoreDataProperties.swift in Sources */,
				5EDD1E731BF64F7400C46F22 /* Reachability.m in Sources */,
				5EDD1E801BF67C8C00C46F22 /* RequestsTableViewCell.swift in Sources */,
				5EDD1E401BF64F1F00C46F22 /* AppDelegate.swift in Sources */,
			);
			runOnlyForDeploymentPostprocessing = 0;
		};
		5EDD1E4F1BF64F1F00C46F22 /* Sources */ = {
			isa = PBXSourcesBuildPhase;
			buildActionMask = 2147483647;
			files = (
				5EDD1E581BF64F1F00C46F22 /* MedLinkTests.swift in Sources */,
			);
			runOnlyForDeploymentPostprocessing = 0;
		};
		5EDD1E5A1BF64F1F00C46F22 /* Sources */ = {
			isa = PBXSourcesBuildPhase;
			buildActionMask = 2147483647;
			files = (
				5EDD1E631BF64F1F00C46F22 /* MedLinkUITests.swift in Sources */,
			);
			runOnlyForDeploymentPostprocessing = 0;
		};
/* End PBXSourcesBuildPhase section */

/* Begin PBXTargetDependency section */
		5EDD1E551BF64F1F00C46F22 /* PBXTargetDependency */ = {
			isa = PBXTargetDependency;
			target = 5EDD1E3B1BF64F1F00C46F22 /* MedLink */;
			targetProxy = 5EDD1E541BF64F1F00C46F22 /* PBXContainerItemProxy */;
		};
		5EDD1E601BF64F1F00C46F22 /* PBXTargetDependency */ = {
			isa = PBXTargetDependency;
			target = 5EDD1E3B1BF64F1F00C46F22 /* MedLink */;
			targetProxy = 5EDD1E5F1BF64F1F00C46F22 /* PBXContainerItemProxy */;
		};
/* End PBXTargetDependency section */

/* Begin PBXVariantGroup section */
		5EDD1E431BF64F1F00C46F22 /* Main.storyboard */ = {
			isa = PBXVariantGroup;
			children = (
				5EDD1E441BF64F1F00C46F22 /* Base */,
			);
			name = Main.storyboard;
			sourceTree = "<group>";
		};
		5EDD1E4B1BF64F1F00C46F22 /* LaunchScreen.storyboard */ = {
			isa = PBXVariantGroup;
			children = (
				5EDD1E4C1BF64F1F00C46F22 /* Base */,
			);
			name = LaunchScreen.storyboard;
			sourceTree = "<group>";
		};
/* End PBXVariantGroup section */

/* Begin XCBuildConfiguration section */
		5EDD1E651BF64F1F00C46F22 /* Debug */ = {
			isa = XCBuildConfiguration;
			buildSettings = {
				ALWAYS_SEARCH_USER_PATHS = NO;
				CLANG_CXX_LANGUAGE_STANDARD = "gnu++0x";
				CLANG_CXX_LIBRARY = "libc++";
				CLANG_ENABLE_MODULES = YES;
				CLANG_ENABLE_OBJC_ARC = YES;
				CLANG_WARN_BOOL_CONVERSION = YES;
				CLANG_WARN_CONSTANT_CONVERSION = YES;
				CLANG_WARN_DIRECT_OBJC_ISA_USAGE = YES_ERROR;
				CLANG_WARN_EMPTY_BODY = YES;
				CLANG_WARN_ENUM_CONVERSION = YES;
				CLANG_WARN_INT_CONVERSION = YES;
				CLANG_WARN_OBJC_ROOT_CLASS = YES_ERROR;
				CLANG_WARN_UNREACHABLE_CODE = YES;
				CLANG_WARN__DUPLICATE_METHOD_MATCH = YES;
				CODE_SIGN_IDENTITY = "Apple Development IOS Push Services: com.TIY.MedLink";
				"CODE_SIGN_IDENTITY[sdk=iphoneos*]" = "Apple Development IOS Push Services: com.TIY.MedLink";
				COPY_PHASE_STRIP = NO;
				DEBUG_INFORMATION_FORMAT = dwarf;
				ENABLE_STRICT_OBJC_MSGSEND = YES;
				ENABLE_TESTABILITY = YES;
				GCC_C_LANGUAGE_STANDARD = gnu99;
				GCC_DYNAMIC_NO_PIC = NO;
				GCC_NO_COMMON_BLOCKS = YES;
				GCC_OPTIMIZATION_LEVEL = 0;
				GCC_PREPROCESSOR_DEFINITIONS = (
					"DEBUG=1",
					"$(inherited)",
				);
				GCC_WARN_64_TO_32_BIT_CONVERSION = YES;
				GCC_WARN_ABOUT_RETURN_TYPE = YES_ERROR;
				GCC_WARN_UNDECLARED_SELECTOR = YES;
				GCC_WARN_UNINITIALIZED_AUTOS = YES_AGGRESSIVE;
				GCC_WARN_UNUSED_FUNCTION = YES;
				GCC_WARN_UNUSED_VARIABLE = YES;
				IPHONEOS_DEPLOYMENT_TARGET = 9.1;
				MTL_ENABLE_DEBUG_INFO = YES;
				ONLY_ACTIVE_ARCH = YES;
				PROVISIONING_PROFILE = "";
				SDKROOT = iphoneos;
				SWIFT_OPTIMIZATION_LEVEL = "-Onone";
				TARGETED_DEVICE_FAMILY = "1,2";
			};
			name = Debug;
		};
		5EDD1E661BF64F1F00C46F22 /* Release */ = {
			isa = XCBuildConfiguration;
			buildSettings = {
				ALWAYS_SEARCH_USER_PATHS = NO;
				CLANG_CXX_LANGUAGE_STANDARD = "gnu++0x";
				CLANG_CXX_LIBRARY = "libc++";
				CLANG_ENABLE_MODULES = YES;
				CLANG_ENABLE_OBJC_ARC = YES;
				CLANG_WARN_BOOL_CONVERSION = YES;
				CLANG_WARN_CONSTANT_CONVERSION = YES;
				CLANG_WARN_DIRECT_OBJC_ISA_USAGE = YES_ERROR;
				CLANG_WARN_EMPTY_BODY = YES;
				CLANG_WARN_ENUM_CONVERSION = YES;
				CLANG_WARN_INT_CONVERSION = YES;
				CLANG_WARN_OBJC_ROOT_CLASS = YES_ERROR;
				CLANG_WARN_UNREACHABLE_CODE = YES;
				CLANG_WARN__DUPLICATE_METHOD_MATCH = YES;
				CODE_SIGN_IDENTITY = "Apple Development IOS Push Services: com.TIY.MedLink";
				"CODE_SIGN_IDENTITY[sdk=iphoneos*]" = "Apple Development IOS Push Services: com.TIY.MedLink";
				COPY_PHASE_STRIP = NO;
				DEBUG_INFORMATION_FORMAT = "dwarf-with-dsym";
				ENABLE_NS_ASSERTIONS = NO;
				ENABLE_STRICT_OBJC_MSGSEND = YES;
				GCC_C_LANGUAGE_STANDARD = gnu99;
				GCC_NO_COMMON_BLOCKS = YES;
				GCC_WARN_64_TO_32_BIT_CONVERSION = YES;
				GCC_WARN_ABOUT_RETURN_TYPE = YES_ERROR;
				GCC_WARN_UNDECLARED_SELECTOR = YES;
				GCC_WARN_UNINITIALIZED_AUTOS = YES_AGGRESSIVE;
				GCC_WARN_UNUSED_FUNCTION = YES;
				GCC_WARN_UNUSED_VARIABLE = YES;
				IPHONEOS_DEPLOYMENT_TARGET = 9.1;
				MTL_ENABLE_DEBUG_INFO = NO;
				PROVISIONING_PROFILE = "";
				SDKROOT = iphoneos;
				TARGETED_DEVICE_FAMILY = "1,2";
				VALIDATE_PRODUCT = YES;
			};
			name = Release;
		};
		5EDD1E681BF64F1F00C46F22 /* Debug */ = {
			isa = XCBuildConfiguration;
			baseConfigurationReference = 6709C5E4C6CBF29252872234 /* Pods-MedLink.debug.xcconfig */;
			buildSettings = {
				ASSETCATALOG_COMPILER_APPICON_NAME = AppIcon;
				CLANG_ENABLE_MODULES = YES;
				CODE_SIGN_IDENTITY = "iPhone Developer";
				"CODE_SIGN_IDENTITY[sdk=iphoneos*]" = "iPhone Developer";
				INFOPLIST_FILE = MedLink/Info.plist;
				LD_RUNPATH_SEARCH_PATHS = "$(inherited) @executable_path/Frameworks";
				PRODUCT_BUNDLE_IDENTIFIER = com.TIY.MedLink;
				PRODUCT_NAME = "$(TARGET_NAME)";
				PROVISIONING_PROFILE = "";
				SWIFT_OBJC_BRIDGING_HEADER = "MedLink-Bridging-Header.h";
				SWIFT_OPTIMIZATION_LEVEL = "-Onone";
			};
			name = Debug;
		};
		5EDD1E691BF64F1F00C46F22 /* Release */ = {
			isa = XCBuildConfiguration;
			baseConfigurationReference = DA6D7D5287C23036C14076C5 /* Pods-MedLink.release.xcconfig */;
			buildSettings = {
				ASSETCATALOG_COMPILER_APPICON_NAME = AppIcon;
				CLANG_ENABLE_MODULES = YES;
				CODE_SIGN_IDENTITY = "iPhone Developer";
				"CODE_SIGN_IDENTITY[sdk=iphoneos*]" = "iPhone Developer";
				INFOPLIST_FILE = MedLink/Info.plist;
				LD_RUNPATH_SEARCH_PATHS = "$(inherited) @executable_path/Frameworks";
				PRODUCT_BUNDLE_IDENTIFIER = com.TIY.MedLink;
				PRODUCT_NAME = "$(TARGET_NAME)";
				PROVISIONING_PROFILE = "";
				SWIFT_OBJC_BRIDGING_HEADER = "MedLink-Bridging-Header.h";
			};
			name = Release;
		};
		5EDD1E6B1BF64F1F00C46F22 /* Debug */ = {
			isa = XCBuildConfiguration;
			buildSettings = {
				BUNDLE_LOADER = "$(TEST_HOST)";
				INFOPLIST_FILE = MedLinkTests/Info.plist;
				LD_RUNPATH_SEARCH_PATHS = "$(inherited) @executable_path/Frameworks @loader_path/Frameworks";
				PRODUCT_BUNDLE_IDENTIFIER = TIY.MedLinkTests;
				PRODUCT_NAME = "$(TARGET_NAME)";
				TEST_HOST = "$(BUILT_PRODUCTS_DIR)/MedLink.app/MedLink";
			};
			name = Debug;
		};
		5EDD1E6C1BF64F1F00C46F22 /* Release */ = {
			isa = XCBuildConfiguration;
			buildSettings = {
				BUNDLE_LOADER = "$(TEST_HOST)";
				INFOPLIST_FILE = MedLinkTests/Info.plist;
				LD_RUNPATH_SEARCH_PATHS = "$(inherited) @executable_path/Frameworks @loader_path/Frameworks";
				PRODUCT_BUNDLE_IDENTIFIER = TIY.MedLinkTests;
				PRODUCT_NAME = "$(TARGET_NAME)";
				TEST_HOST = "$(BUILT_PRODUCTS_DIR)/MedLink.app/MedLink";
			};
			name = Release;
		};
		5EDD1E6E1BF64F1F00C46F22 /* Debug */ = {
			isa = XCBuildConfiguration;
			buildSettings = {
				INFOPLIST_FILE = MedLinkUITests/Info.plist;
				LD_RUNPATH_SEARCH_PATHS = "$(inherited) @executable_path/Frameworks @loader_path/Frameworks";
				PRODUCT_BUNDLE_IDENTIFIER = TIY.MedLinkUITests;
				PRODUCT_NAME = "$(TARGET_NAME)";
				TEST_TARGET_NAME = MedLink;
				USES_XCTRUNNER = YES;
			};
			name = Debug;
		};
		5EDD1E6F1BF64F1F00C46F22 /* Release */ = {
			isa = XCBuildConfiguration;
			buildSettings = {
				INFOPLIST_FILE = MedLinkUITests/Info.plist;
				LD_RUNPATH_SEARCH_PATHS = "$(inherited) @executable_path/Frameworks @loader_path/Frameworks";
				PRODUCT_BUNDLE_IDENTIFIER = TIY.MedLinkUITests;
				PRODUCT_NAME = "$(TARGET_NAME)";
				TEST_TARGET_NAME = MedLink;
				USES_XCTRUNNER = YES;
			};
			name = Release;
		};
/* End XCBuildConfiguration section */

/* Begin XCConfigurationList section */
		5EDD1E371BF64F1F00C46F22 /* Build configuration list for PBXProject "MedLink" */ = {
			isa = XCConfigurationList;
			buildConfigurations = (
				5EDD1E651BF64F1F00C46F22 /* Debug */,
				5EDD1E661BF64F1F00C46F22 /* Release */,
			);
			defaultConfigurationIsVisible = 0;
			defaultConfigurationName = Release;
		};
		5EDD1E671BF64F1F00C46F22 /* Build configuration list for PBXNativeTarget "MedLink" */ = {
			isa = XCConfigurationList;
			buildConfigurations = (
				5EDD1E681BF64F1F00C46F22 /* Debug */,
				5EDD1E691BF64F1F00C46F22 /* Release */,
			);
			defaultConfigurationIsVisible = 0;
			defaultConfigurationName = Release;
		};
		5EDD1E6A1BF64F1F00C46F22 /* Build configuration list for PBXNativeTarget "MedLinkTests" */ = {
			isa = XCConfigurationList;
			buildConfigurations = (
				5EDD1E6B1BF64F1F00C46F22 /* Debug */,
				5EDD1E6C1BF64F1F00C46F22 /* Release */,
			);
			defaultConfigurationIsVisible = 0;
			defaultConfigurationName = Release;
		};
		5EDD1E6D1BF64F1F00C46F22 /* Build configuration list for PBXNativeTarget "MedLinkUITests" */ = {
			isa = XCConfigurationList;
			buildConfigurations = (
				5EDD1E6E1BF64F1F00C46F22 /* Debug */,
				5EDD1E6F1BF64F1F00C46F22 /* Release */,
			);
			defaultConfigurationIsVisible = 0;
			defaultConfigurationName = Release;
		};
/* End XCConfigurationList section */

/* Begin XCVersionGroup section */
		5EDD1E461BF64F1F00C46F22 /* MedLink.xcdatamodeld */ = {
			isa = XCVersionGroup;
			children = (
				5EDD1E471BF64F1F00C46F22 /* MedLink.xcdatamodel */,
			);
			currentVersion = 5EDD1E471BF64F1F00C46F22 /* MedLink.xcdatamodel */;
			path = MedLink.xcdatamodeld;
			sourceTree = "<group>";
			versionGroupType = wrapper.xcdatamodel;
		};
/* End XCVersionGroup section */
	};
	rootObject = 5EDD1E341BF64F1F00C46F22 /* Project object */;
}
